// !$*UTF8*$!
{
	archiveVersion = 1;
	classes = {
	};
	objectVersion = 56;
	objects = {

/* Begin PBXBuildFile section */
		4D10A43C29C7039900418527 /* SwiftUI_onBoardingApp.swift in Sources */ = {isa = PBXBuildFile; fileRef = 4D10A43B29C7039900418527 /* SwiftUI_onBoardingApp.swift */; };
		4D10A43E29C7039900418527 /* SplashView.swift in Sources */ = {isa = PBXBuildFile; fileRef = 4D10A43D29C7039900418527 /* SplashView.swift */; };
		4D10A44029C7039B00418527 /* Assets.xcassets in Resources */ = {isa = PBXBuildFile; fileRef = 4D10A43F29C7039B00418527 /* Assets.xcassets */; };
		4D10A44329C7039B00418527 /* Preview Assets.xcassets in Resources */ = {isa = PBXBuildFile; fileRef = 4D10A44229C7039B00418527 /* Preview Assets.xcassets */; };
		4D10A44B29C7085000418527 /* Lottie in Frameworks */ = {isa = PBXBuildFile; productRef = 4D10A44A29C7085000418527 /* Lottie */; };
		4D10A45129C70BF400418527 /* LottieView+UIViewRepresentable.swift in Sources */ = {isa = PBXBuildFile; fileRef = 4D10A45029C70BF400418527 /* LottieView+UIViewRepresentable.swift */; };
		4D10A45629C710E000418527 /* 92320-splash.json in Resources */ = {isa = PBXBuildFile; fileRef = 4D10A45529C710E000418527 /* 92320-splash.json */; };
		4D10A45829C7110C00418527 /* onBoardingView.swift in Sources */ = {isa = PBXBuildFile; fileRef = 4D10A45729C7110C00418527 /* onBoardingView.swift */; };
		4D10A45B29C7151A00418527 /* onBoardingItem.swift in Sources */ = {isa = PBXBuildFile; fileRef = 4D10A45A29C7151A00418527 /* onBoardingItem.swift */; };
		4D10A45E29C7267900418527 /* onBoardingItemModel.swift in Sources */ = {isa = PBXBuildFile; fileRef = 4D10A45D29C7267900418527 /* onBoardingItemModel.swift */; };
		4D10A46429C7281100418527 /* Colors.swift in Sources */ = {isa = PBXBuildFile; fileRef = 4D10A46229C7281100418527 /* Colors.swift */; };
		4D10A46729C729F000418527 /* onBoardingViewModel.swift in Sources */ = {isa = PBXBuildFile; fileRef = 4D10A46629C729F000418527 /* onBoardingViewModel.swift */; };
		4D10A46B29C7351100418527 /* MainButton.swift in Sources */ = {isa = PBXBuildFile; fileRef = 4D10A46A29C7351100418527 /* MainButton.swift */; };
/* End PBXBuildFile section */

/* Begin PBXFileReference section */
		4D10A43829C7039900418527 /* SwiftUI onBoarding.app */ = {isa = PBXFileReference; explicitFileType = wrapper.application; includeInIndex = 0; path = "SwiftUI onBoarding.app"; sourceTree = BUILT_PRODUCTS_DIR; };
		4D10A43B29C7039900418527 /* SwiftUI_onBoardingApp.swift */ = {isa = PBXFileReference; lastKnownFileType = sourcecode.swift; path = SwiftUI_onBoardingApp.swift; sourceTree = "<group>"; };
		4D10A43D29C7039900418527 /* SplashView.swift */ = {isa = PBXFileReference; lastKnownFileType = sourcecode.swift; path = SplashView.swift; sourceTree = "<group>"; };
		4D10A43F29C7039B00418527 /* Assets.xcassets */ = {isa = PBXFileReference; lastKnownFileType = folder.assetcatalog; path = Assets.xcassets; sourceTree = "<group>"; };
		4D10A44229C7039B00418527 /* Preview Assets.xcassets */ = {isa = PBXFileReference; lastKnownFileType = folder.assetcatalog; path = "Preview Assets.xcassets"; sourceTree = "<group>"; };
		4D10A45029C70BF400418527 /* LottieView+UIViewRepresentable.swift */ = {isa = PBXFileReference; lastKnownFileType = sourcecode.swift; path = "LottieView+UIViewRepresentable.swift"; sourceTree = "<group>"; };
		4D10A45529C710E000418527 /* 92320-splash.json */ = {isa = PBXFileReference; fileEncoding = 4; lastKnownFileType = text.json; path = "92320-splash.json"; sourceTree = "<group>"; };
		4D10A45729C7110C00418527 /* onBoardingView.swift */ = {isa = PBXFileReference; lastKnownFileType = sourcecode.swift; path = onBoardingView.swift; sourceTree = "<group>"; };
		4D10A45A29C7151A00418527 /* onBoardingItem.swift */ = {isa = PBXFileReference; lastKnownFileType = sourcecode.swift; path = onBoardingItem.swift; sourceTree = "<group>"; };
		4D10A45D29C7267900418527 /* onBoardingItemModel.swift */ = {isa = PBXFileReference; lastKnownFileType = sourcecode.swift; path = onBoardingItemModel.swift; sourceTree = "<group>"; };
		4D10A46229C7281100418527 /* Colors.swift */ = {isa = PBXFileReference; fileEncoding = 4; lastKnownFileType = sourcecode.swift; path = Colors.swift; sourceTree = "<group>"; };
		4D10A46629C729F000418527 /* onBoardingViewModel.swift */ = {isa = PBXFileReference; lastKnownFileType = sourcecode.swift; path = onBoardingViewModel.swift; sourceTree = "<group>"; };
		4D10A46A29C7351100418527 /* MainButton.swift */ = {isa = PBXFileReference; lastKnownFileType = sourcecode.swift; path = MainButton.swift; sourceTree = "<group>"; };
/* End PBXFileReference section */

/* Begin PBXFrameworksBuildPhase section */
		4D10A43529C7039900418527 /* Frameworks */ = {
			isa = PBXFrameworksBuildPhase;
			buildActionMask = 2147483647;
			files = (
				4D10A44B29C7085000418527 /* Lottie in Frameworks */,
			);
			runOnlyForDeploymentPostprocessing = 0;
		};
/* End PBXFrameworksBuildPhase section */

/* Begin PBXGroup section */
		4D10A42F29C7039900418527 = {
			isa = PBXGroup;
			children = (
				4D10A43A29C7039900418527 /* SwiftUI onBoarding */,
				4D10A43929C7039900418527 /* Products */,
			);
			sourceTree = "<group>";
		};
		4D10A43929C7039900418527 /* Products */ = {
			isa = PBXGroup;
			children = (
				4D10A43829C7039900418527 /* SwiftUI onBoarding.app */,
			);
			name = Products;
			sourceTree = "<group>";
		};
		4D10A43A29C7039900418527 /* SwiftUI onBoarding */ = {
			isa = PBXGroup;
			children = (
				4D10A43B29C7039900418527 /* SwiftUI_onBoardingApp.swift */,
				4D10A46829C734FB00418527 /* ReusableViews */,
				4D10A45229C70FAC00418527 /* Modules */,
				4D10A44F29C70BEB00418527 /* Extensions */,
				4D10A46029C7281100418527 /* Theme */,
				4D10A44E29C709B200418527 /* Resources */,
				4D10A44129C7039B00418527 /* Preview Content */,
			);
			path = "SwiftUI onBoarding";
			sourceTree = "<group>";
		};
		4D10A44129C7039B00418527 /* Preview Content */ = {
			isa = PBXGroup;
			children = (
				4D10A44229C7039B00418527 /* Preview Assets.xcassets */,
			);
			path = "Preview Content";
			sourceTree = "<group>";
		};
		4D10A44E29C709B200418527 /* Resources */ = {
			isa = PBXGroup;
			children = (
				4D10A45529C710E000418527 /* 92320-splash.json */,
				4D10A43F29C7039B00418527 /* Assets.xcassets */,
			);
			path = Resources;
			sourceTree = "<group>";
		};
		4D10A44F29C70BEB00418527 /* Extensions */ = {
			isa = PBXGroup;
			children = (
				4D10A45029C70BF400418527 /* LottieView+UIViewRepresentable.swift */,
			);
			path = Extensions;
			sourceTree = "<group>";
		};
		4D10A45229C70FAC00418527 /* Modules */ = {
			isa = PBXGroup;
			children = (
				4D10A45329C70FCB00418527 /* Splash */,
				4D10A45429C70FD800418527 /* onBoarding */,
			);
			path = Modules;
			sourceTree = "<group>";
		};
		4D10A45329C70FCB00418527 /* Splash */ = {
			isa = PBXGroup;
			children = (
				4D10A43D29C7039900418527 /* SplashView.swift */,
			);
			path = Splash;
			sourceTree = "<group>";
		};
		4D10A45429C70FD800418527 /* onBoarding */ = {
			isa = PBXGroup;
			children = (
				4D10A45D29C7267900418527 /* onBoardingItemModel.swift */,
				4D10A45729C7110C00418527 /* onBoardingView.swift */,
				4D10A45A29C7151A00418527 /* onBoardingItem.swift */,
				4D10A46629C729F000418527 /* onBoardingViewModel.swift */,
			);
			path = onBoarding;
			sourceTree = "<group>";
		};
		4D10A46029C7281100418527 /* Theme */ = {
			isa = PBXGroup;
			children = (
				4D10A46229C7281100418527 /* Colors.swift */,
			);
			path = Theme;
			sourceTree = "<group>";
		};
		4D10A46829C734FB00418527 /* ReusableViews */ = {
			isa = PBXGroup;
			children = (
				4D10A46A29C7351100418527 /* MainButton.swift */,
			);
			path = ReusableViews;
			sourceTree = "<group>";
		};
/* End PBXGroup section */

/* Begin PBXNativeTarget section */
		4D10A43729C7039900418527 /* SwiftUI onBoarding */ = {
			isa = PBXNativeTarget;
			buildConfigurationList = 4D10A44629C7039B00418527 /* Build configuration list for PBXNativeTarget "SwiftUI onBoarding" */;
			buildPhases = (
				4D10A43429C7039900418527 /* Sources */,
				4D10A43529C7039900418527 /* Frameworks */,
				4D10A43629C7039900418527 /* Resources */,
			);
			buildRules = (
			);
			dependencies = (
			);
			name = "SwiftUI onBoarding";
			packageProductDependencies = (
				4D10A44A29C7085000418527 /* Lottie */,
			);
			productName = "SwiftUI onBoarding";
			productReference = 4D10A43829C7039900418527 /* SwiftUI onBoarding.app */;
			productType = "com.apple.product-type.application";
		};
/* End PBXNativeTarget section */

/* Begin PBXProject section */
		4D10A43029C7039900418527 /* Project object */ = {
			isa = PBXProject;
			attributes = {
				BuildIndependentTargetsInParallel = 1;
				LastSwiftUpdateCheck = 1420;
				LastUpgradeCheck = 1420;
				TargetAttributes = {
					4D10A43729C7039900418527 = {
						CreatedOnToolsVersion = 14.2;
					};
				};
			};
			buildConfigurationList = 4D10A43329C7039900418527 /* Build configuration list for PBXProject "SwiftUI onBoarding" */;
			compatibilityVersion = "Xcode 14.0";
			developmentRegion = en;
			hasScannedForEncodings = 0;
			knownRegions = (
				en,
				Base,
			);
			mainGroup = 4D10A42F29C7039900418527;
			packageReferences = (
				4D10A44929C7084F00418527 /* XCRemoteSwiftPackageReference "lottie-ios" */,
			);
			productRefGroup = 4D10A43929C7039900418527 /* Products */;
			projectDirPath = "";
			projectRoot = "";
			targets = (
				4D10A43729C7039900418527 /* SwiftUI onBoarding */,
			);
		};
/* End PBXProject section */

/* Begin PBXResourcesBuildPhase section */
		4D10A43629C7039900418527 /* Resources */ = {
			isa = PBXResourcesBuildPhase;
			buildActionMask = 2147483647;
			files = (
				4D10A44329C7039B00418527 /* Preview Assets.xcassets in Resources */,
				4D10A45629C710E000418527 /* 92320-splash.json in Resources */,
				4D10A44029C7039B00418527 /* Assets.xcassets in Resources */,
			);
			runOnlyForDeploymentPostprocessing = 0;
		};
/* End PBXResourcesBuildPhase section */

/* Begin PBXSourcesBuildPhase section */
		4D10A43429C7039900418527 /* Sources */ = {
			isa = PBXSourcesBuildPhase;
			buildActionMask = 2147483647;
			files = (
				4D10A43E29C7039900418527 /* SplashView.swift in Sources */,
				4D10A45B29C7151A00418527 /* onBoardingItem.swift in Sources */,
				4D10A46B29C7351100418527 /* MainButton.swift in Sources */,
				4D10A45829C7110C00418527 /* onBoardingView.swift in Sources */,
				4D10A46729C729F000418527 /* onBoardingViewModel.swift in Sources */,
				4D10A46429C7281100418527 /* Colors.swift in Sources */,
				4D10A43C29C7039900418527 /* SwiftUI_onBoardingApp.swift in Sources */,
				4D10A45129C70BF400418527 /* LottieView+UIViewRepresentable.swift in Sources */,
				4D10A45E29C7267900418527 /* onBoardingItemModel.swift in Sources */,
			);
			runOnlyForDeploymentPostprocessing = 0;
		};
/* End PBXSourcesBuildPhase section */

/* Begin XCBuildConfiguration section */
		4D10A44429C7039B00418527 /* Debug */ = {
			isa = XCBuildConfiguration;
			buildSettings = {
				ALWAYS_SEARCH_USER_PATHS = NO;
				CLANG_ANALYZER_NONNULL = YES;
				CLANG_ANALYZER_NUMBER_OBJECT_CONVERSION = YES_AGGRESSIVE;
				CLANG_CXX_LANGUAGE_STANDARD = "gnu++20";
				CLANG_ENABLE_MODULES = YES;
				CLANG_ENABLE_OBJC_ARC = YES;
				CLANG_ENABLE_OBJC_WEAK = YES;
				CLANG_WARN_BLOCK_CAPTURE_AUTORELEASING = YES;
				CLANG_WARN_BOOL_CONVERSION = YES;
				CLANG_WARN_COMMA = YES;
				CLANG_WARN_CONSTANT_CONVERSION = YES;
				CLANG_WARN_DEPRECATED_OBJC_IMPLEMENTATIONS = YES;
				CLANG_WARN_DIRECT_OBJC_ISA_USAGE = YES_ERROR;
				CLANG_WARN_DOCUMENTATION_COMMENTS = YES;
				CLANG_WARN_EMPTY_BODY = YES;
				CLANG_WARN_ENUM_CONVERSION = YES;
				CLANG_WARN_INFINITE_RECURSION = YES;
				CLANG_WARN_INT_CONVERSION = YES;
				CLANG_WARN_NON_LITERAL_NULL_CONVERSION = YES;
				CLANG_WARN_OBJC_IMPLICIT_RETAIN_SELF = YES;
				CLANG_WARN_OBJC_LITERAL_CONVERSION = YES;
				CLANG_WARN_OBJC_ROOT_CLASS = YES_ERROR;
				CLANG_WARN_QUOTED_INCLUDE_IN_FRAMEWORK_HEADER = YES;
				CLANG_WARN_RANGE_LOOP_ANALYSIS = YES;
				CLANG_WARN_STRICT_PROTOTYPES = YES;
				CLANG_WARN_SUSPICIOUS_MOVE = YES;
				CLANG_WARN_UNGUARDED_AVAILABILITY = YES_AGGRESSIVE;
				CLANG_WARN_UNREACHABLE_CODE = YES;
				CLANG_WARN__DUPLICATE_METHOD_MATCH = YES;
				COPY_PHASE_STRIP = NO;
				DEBUG_INFORMATION_FORMAT = dwarf;
				ENABLE_STRICT_OBJC_MSGSEND = YES;
				ENABLE_TESTABILITY = YES;
				GCC_C_LANGUAGE_STANDARD = gnu11;
				GCC_DYNAMIC_NO_PIC = NO;
				GCC_NO_COMMON_BLOCKS = YES;
				GCC_OPTIMIZATION_LEVEL = 0;
				GCC_PREPROCESSOR_DEFINITIONS = (
					"DEBUG=1",
					"$(inherited)",
				);
				GCC_WARN_64_TO_32_BIT_CONVERSION = YES;
				GCC_WARN_ABOUT_RETURN_TYPE = YES_ERROR;
				GCC_WARN_UNDECLARED_SELECTOR = YES;
				GCC_WARN_UNINITIALIZED_AUTOS = YES_AGGRESSIVE;
				GCC_WARN_UNUSED_FUNCTION = YES;
				GCC_WARN_UNUSED_VARIABLE = YES;
				IPHONEOS_DEPLOYMENT_TARGET = 16.2;
				MTL_ENABLE_DEBUG_INFO = INCLUDE_SOURCE;
				MTL_FAST_MATH = YES;
				ONLY_ACTIVE_ARCH = YES;
				SDKROOT = iphoneos;
				SWIFT_ACTIVE_COMPILATION_CONDITIONS = DEBUG;
				SWIFT_OPTIMIZATION_LEVEL = "-Onone";
			};
			name = Debug;
		};
		4D10A44529C7039B00418527 /* Release */ = {
			isa = XCBuildConfiguration;
			buildSettings = {
				ALWAYS_SEARCH_USER_PATHS = NO;
				CLANG_ANALYZER_NONNULL = YES;
				CLANG_ANALYZER_NUMBER_OBJECT_CONVERSION = YES_AGGRESSIVE;
				CLANG_CXX_LANGUAGE_STANDARD = "gnu++20";
				CLANG_ENABLE_MODULES = YES;
				CLANG_ENABLE_OBJC_ARC = YES;
				CLANG_ENABLE_OBJC_WEAK = YES;
				CLANG_WARN_BLOCK_CAPTURE_AUTORELEASING = YES;
				CLANG_WARN_BOOL_CONVERSION = YES;
				CLANG_WARN_COMMA = YES;
				CLANG_WARN_CONSTANT_CONVERSION = YES;
				CLANG_WARN_DEPRECATED_OBJC_IMPLEMENTATIONS = YES;
				CLANG_WARN_DIRECT_OBJC_ISA_USAGE = YES_ERROR;
				CLANG_WARN_DOCUMENTATION_COMMENTS = YES;
				CLANG_WARN_EMPTY_BODY = YES;
				CLANG_WARN_ENUM_CONVERSION = YES;
				CLANG_WARN_INFINITE_RECURSION = YES;
				CLANG_WARN_INT_CONVERSION = YES;
				CLANG_WARN_NON_LITERAL_NULL_CONVERSION = YES;
				CLANG_WARN_OBJC_IMPLICIT_RETAIN_SELF = YES;
				CLANG_WARN_OBJC_LITERAL_CONVERSION = YES;
				CLANG_WARN_OBJC_ROOT_CLASS = YES_ERROR;
				CLANG_WARN_QUOTED_INCLUDE_IN_FRAMEWORK_HEADER = YES;
				CLANG_WARN_RANGE_LOOP_ANALYSIS = YES;
				CLANG_WARN_STRICT_PROTOTYPES = YES;
				CLANG_WARN_SUSPICIOUS_MOVE = YES;
				CLANG_WARN_UNGUARDED_AVAILABILITY = YES_AGGRESSIVE;
				CLANG_WARN_UNREACHABLE_CODE = YES;
				CLANG_WARN__DUPLICATE_METHOD_MATCH = YES;
				COPY_PHASE_STRIP = NO;
				DEBUG_INFORMATION_FORMAT = "dwarf-with-dsym";
				ENABLE_NS_ASSERTIONS = NO;
				ENABLE_STRICT_OBJC_MSGSEND = YES;
				GCC_C_LANGUAGE_STANDARD = gnu11;
				GCC_NO_COMMON_BLOCKS = YES;
				GCC_WARN_64_TO_32_BIT_CONVERSION = YES;
				GCC_WARN_ABOUT_RETURN_TYPE = YES_ERROR;
				GCC_WARN_UNDECLARED_SELECTOR = YES;
				GCC_WARN_UNINITIALIZED_AUTOS = YES_AGGRESSIVE;
				GCC_WARN_UNUSED_FUNCTION = YES;
				GCC_WARN_UNUSED_VARIABLE = YES;
				IPHONEOS_DEPLOYMENT_TARGET = 16.2;
				MTL_ENABLE_DEBUG_INFO = NO;
				MTL_FAST_MATH = YES;
				SDKROOT = iphoneos;
				SWIFT_COMPILATION_MODE = wholemodule;
				SWIFT_OPTIMIZATION_LEVEL = "-O";
				VALIDATE_PRODUCT = YES;
			};
			name = Release;
		};
		4D10A44729C7039B00418527 /* Debug */ = {
			isa = XCBuildConfiguration;
			buildSettings = {
				ASSETCATALOG_COMPILER_APPICON_NAME = AppIcon;
				ASSETCATALOG_COMPILER_GLOBAL_ACCENT_COLOR_NAME = AccentColor;
				CODE_SIGN_STYLE = Automatic;
				CURRENT_PROJECT_VERSION = 1;
				DEVELOPMENT_ASSET_PATHS = "\"SwiftUI onBoarding/Preview Content\"";
				DEVELOPMENT_TEAM = JUV326K7BG;
				ENABLE_PREVIEWS = YES;
				GENERATE_INFOPLIST_FILE = YES;
				INFOPLIST_KEY_UIApplicationSceneManifest_Generation = YES;
				INFOPLIST_KEY_UIApplicationSupportsIndirectInputEvents = YES;
				INFOPLIST_KEY_UILaunchScreen_Generation = YES;
				INFOPLIST_KEY_UISupportedInterfaceOrientations_iPad = "UIInterfaceOrientationPortrait UIInterfaceOrientationPortraitUpsideDown UIInterfaceOrientationLandscapeLeft UIInterfaceOrientationLandscapeRight";
				INFOPLIST_KEY_UISupportedInterfaceOrientations_iPhone = "UIInterfaceOrientationPortrait UIInterfaceOrientationLandscapeLeft UIInterfaceOrientationLandscapeRight";
				IPHONEOS_DEPLOYMENT_TARGET = 16.0;
				LD_RUNPATH_SEARCH_PATHS = (
					"$(inherited)",
					"@executable_path/Frameworks",
				);
				MARKETING_VERSION = 1.0;
				PRODUCT_BUNDLE_IDENTIFIER = "Abdullah-Tarek.SwiftUI-onBoarding";
				PRODUCT_NAME = "$(TARGET_NAME)";
				SWIFT_EMIT_LOC_STRINGS = YES;
				SWIFT_VERSION = 5.0;
				TARGETED_DEVICE_FAMILY = "1,2";
			};
			name = Debug;
		};
		4D10A44829C7039B00418527 /* Release */ = {
			isa = XCBuildConfiguration;
			buildSettings = {
				ASSETCATALOG_COMPILER_APPICON_NAME = AppIcon;
				ASSETCATALOG_COMPILER_GLOBAL_ACCENT_COLOR_NAME = AccentColor;
				CODE_SIGN_STYLE = Automatic;
				CURRENT_PROJECT_VERSION = 1;
				DEVELOPMENT_ASSET_PATHS = "\"SwiftUI onBoarding/Preview Content\"";
				DEVELOPMENT_TEAM = JUV326K7BG;
				ENABLE_PREVIEWS = YES;
				GENERATE_INFOPLIST_FILE = YES;
				INFOPLIST_KEY_UIApplicationSceneManifest_Generation = YES;
				INFOPLIST_KEY_UIApplicationSupportsIndirectInputEvents = YES;
				INFOPLIST_KEY_UILaunchScreen_Generation = YES;
				INFOPLIST_KEY_UISupportedInterfaceOrientations_iPad = "UIInterfaceOrientationPortrait UIInterfaceOrientationPortraitUpsideDown UIInterfaceOrientationLandscapeLeft UIInterfaceOrientationLandscapeRight";
				INFOPLIST_KEY_UISupportedInterfaceOrientations_iPhone = "UIInterfaceOrientationPortrait UIInterfaceOrientationLandscapeLeft UIInterfaceOrientationLandscapeRight";
				IPHONEOS_DEPLOYMENT_TARGET = 16.0;
				LD_RUNPATH_SEARCH_PATHS = (
					"$(inherited)",
					"@executable_path/Frameworks",
				);
				MARKETING_VERSION = 1.0;
				PRODUCT_BUNDLE_IDENTIFIER = "Abdullah-Tarek.SwiftUI-onBoarding";
				PRODUCT_NAME = "$(TARGET_NAME)";
				SWIFT_EMIT_LOC_STRINGS = YES;
				SWIFT_VERSION = 5.0;
				TARGETED_DEVICE_FAMILY = "1,2";
			};
			name = Release;
		};
/* End XCBuildConfiguration section */

/* Begin XCConfigurationList section */
		4D10A43329C7039900418527 /* Build configuration list for PBXProject "SwiftUI onBoarding" */ = {
			isa = XCConfigurationList;
			buildConfigurations = (
				4D10A44429C7039B00418527 /* Debug */,
				4D10A44529C7039B00418527 /* Release */,
			);
			defaultConfigurationIsVisible = 0;
			defaultConfigurationName = Release;
		};
		4D10A44629C7039B00418527 /* Build configuration list for PBXNativeTarget "SwiftUI onBoarding" */ = {
			isa = XCConfigurationList;
			buildConfigurations = (
				4D10A44729C7039B00418527 /* Debug */,
				4D10A44829C7039B00418527 /* Release */,
			);
			defaultConfigurationIsVisible = 0;
			defaultConfigurationName = Release;
		};
/* End XCConfigurationList section */

/* Begin XCRemoteSwiftPackageReference section */
		4D10A44929C7084F00418527 /* XCRemoteSwiftPackageReference "lottie-ios" */ = {
			isa = XCRemoteSwiftPackageReference;
			repositoryURL = "https://github.com/airbnb/lottie-ios.git";
			requirement = {
				kind = upToNextMajorVersion;
				minimumVersion = 4.0.0;
			};
		};
/* End XCRemoteSwiftPackageReference section */

/* Begin XCSwiftPackageProductDependency section */
		4D10A44A29C7085000418527 /* Lottie */ = {
			isa = XCSwiftPackageProductDependency;
			package = 4D10A44929C7084F00418527 /* XCRemoteSwiftPackageReference "lottie-ios" */;
			productName = Lottie;
		};
/* End XCSwiftPackageProductDependency section */
	};
	rootObject = 4D10A43029C7039900418527 /* Project object */;
}
